
Microsoft Visual Studio Solution File, Format Version 12.00
# Visual Studio Version 17
VisualStudioVersion = 17.14.36408.4
MinimumVisualStudioVersion = 10.0.40219.1
Project("{FAE04EC0-301F-11D3-BF4B-00C04F79EFBC}") = "UniHub.Api", "UniHub.Api\UniHub.Api.csproj", "{E7DC035E-C6FA-4365-9E5F-25F4E9D6DEDF}"
EndProject
Project("{FAE04EC0-301F-11D3-BF4B-00C04F79EFBC}") = "UniHub.Service", "UniHub.Service\UniHub.Service.csproj", "{87667E61-CEBB-4DA1-B87D-4EDE36E98039}"
EndProject
Project("{FAE04EC0-301F-11D3-BF4B-00C04F79EFBC}") = "UniHub.Infrastructure", "UniHub.Infrastructure\UniHub.Infrastructure.csproj", "{08DED91A-01B1-4F36-86AE-F51BE56F7318}"
EndProject
Project("{FAE04EC0-301F-11D3-BF4B-00C04F79EFBC}") = "UniHub.Dto", "UniHub.Dto\UniHub.Dto.csproj", "{9AAE1D22-F4D5-4FB5-8212-1621D61C25BB}"
EndProject
Project("{FAE04EC0-301F-11D3-BF4B-00C04F79EFBC}") = "UniHub.Core", "UniHub.Core\UniHub.Core.csproj", "{9632EF5B-610A-40F3-B1B6-EC378530C978}"
EndProject
Project("{FAE04EC0-301F-11D3-BF4B-00C04F79EFBC}") = "UniHub.Domain", "UniHub.Domain\UniHub.Domain.csproj", "{55FC3977-5E26-4E02-977D-14E15E648730}"
EndProject
Global
	GlobalSection(SolutionConfigurationPlatforms) = preSolution
		Debug|Any CPU = Debug|Any CPU
		Release|Any CPU = Release|Any CPU
	EndGlobalSection
	GlobalSection(ProjectConfigurationPlatforms) = postSolution
		{E7DC035E-C6FA-4365-9E5F-25F4E9D6DEDF}.Debug|Any CPU.ActiveCfg = Debug|Any CPU
		{E7DC035E-C6FA-4365-9E5F-25F4E9D6DEDF}.Debug|Any CPU.Build.0 = Debug|Any CPU
		{E7DC035E-C6FA-4365-9E5F-25F4E9D6DEDF}.Release|Any CPU.ActiveCfg = Release|Any CPU
		{E7DC035E-C6FA-4365-9E5F-25F4E9D6DEDF}.Release|Any CPU.Build.0 = Release|Any CPU
		{87667E61-CEBB-4DA1-B87D-4EDE36E98039}.Debug|Any CPU.ActiveCfg = Debug|Any CPU
		{87667E61-CEBB-4DA1-B87D-4EDE36E98039}.Debug|Any CPU.Build.0 = Debug|Any CPU
		{87667E61-CEBB-4DA1-B87D-4EDE36E98039}.Release|Any CPU.ActiveCfg = Release|Any CPU
		{87667E61-CEBB-4DA1-B87D-4EDE36E98039}.Release|Any CPU.Build.0 = Release|Any CPU
		{08DED91A-01B1-4F36-86AE-F51BE56F7318}.Debug|Any CPU.ActiveCfg = Debug|Any CPU
		{08DED91A-01B1-4F36-86AE-F51BE56F7318}.Debug|Any CPU.Build.0 = Debug|Any CPU
		{08DED91A-01B1-4F36-86AE-F51BE56F7318}.Release|Any CPU.ActiveCfg = Release|Any CPU
		{08DED91A-01B1-4F36-86AE-F51BE56F7318}.Release|Any CPU.Build.0 = Release|Any CPU
		{9AAE1D22-F4D5-4FB5-8212-1621D61C25BB}.Debug|Any CPU.ActiveCfg = Debug|Any CPU
		{9AAE1D22-F4D5-4FB5-8212-1621D61C25BB}.Debug|Any CPU.Build.0 = Debug|Any CPU
		{9AAE1D22-F4D5-4FB5-8212-1621D61C25BB}.Release|Any CPU.ActiveCfg = Release|Any CPU
		{9AAE1D22-F4D5-4FB5-8212-1621D61C25BB}.Release|Any CPU.Build.0 = Release|Any CPU
		{9632EF5B-610A-40F3-B1B6-EC378530C978}.Debug|Any CPU.ActiveCfg = Debug|Any CPU
		{9632EF5B-610A-40F3-B1B6-EC378530C978}.Debug|Any CPU.Build.0 = Debug|Any CPU
		{9632EF5B-610A-40F3-B1B6-EC378530C978}.Release|Any CPU.ActiveCfg = Release|Any CPU
		{9632EF5B-610A-40F3-B1B6-EC378530C978}.Release|Any CPU.Build.0 = Release|Any CPU
		{55FC3977-5E26-4E02-977D-14E15E648730}.Debug|Any CPU.ActiveCfg = Debug|Any CPU
		{55FC3977-5E26-4E02-977D-14E15E648730}.Debug|Any CPU.Build.0 = Debug|Any CPU
		{55FC3977-5E26-4E02-977D-14E15E648730}.Release|Any CPU.ActiveCfg = Release|Any CPU
		{55FC3977-5E26-4E02-977D-14E15E648730}.Release|Any CPU.Build.0 = Release|Any CPU
	EndGlobalSection
	GlobalSection(SolutionProperties) = preSolution
		HideSolutionNode = FALSE
	EndGlobalSection
	GlobalSection(ExtensibilityGlobals) = postSolution
		SolutionGuid = {EB1B4141-0BBD-434F-8F0C-F5008A6B1221}
	EndGlobalSection
EndGlobal
